
Microsoft Visual Studio Solution File, Format Version 12.00
# Visual Studio Version 17
VisualStudioVersion = 17.5.002.0
MinimumVisualStudioVersion = 10.0.40219.1
Project("{9A19103F-16F7-4668-BE54-9A1E7A4F7556}") = "Task 6", "Task 6.csproj", "{38E79968-4EB3-4BB0-9360-16899C1CF6C3}"
EndProject
Global
	GlobalSection(SolutionConfigurationPlatforms) = preSolution
		Debug|Any CPU = Debug|Any CPU
		Release|Any CPU = Release|Any CPU
	EndGlobalSection
	GlobalSection(ProjectConfigurationPlatforms) = postSolution
		{38E79968-4EB3-4BB0-9360-16899C1CF6C3}.Debug|Any CPU.ActiveCfg = Debug|Any CPU
		{38E79968-4EB3-4BB0-9360-16899C1CF6C3}.Debug|Any CPU.Build.0 = Debug|Any CPU
		{38E79968-4EB3-4BB0-9360-16899C1CF6C3}.Release|Any CPU.ActiveCfg = Release|Any CPU
		{38E79968-4EB3-4BB0-9360-16899C1CF6C3}.Release|Any CPU.Build.0 = Release|Any CPU
	EndGlobalSection
	GlobalSection(SolutionProperties) = preSolution
		HideSolutionNode = FALSE
	EndGlobalSection
	GlobalSection(ExtensibilityGlobals) = postSolution
		SolutionGuid = {44ED234B-37DD-4FB5-AC5C-41AE7243BE13}
	EndGlobalSection
EndGlobal
