
Microsoft Visual Studio Solution File, Format Version 12.00
# Visual Studio Version 17
VisualStudioVersion = 17.5.002.0
MinimumVisualStudioVersion = 10.0.40219.1
Project("{9A19103F-16F7-4668-BE54-9A1E7A4F7556}") = "First Task", "First Task.csproj", "{00C64791-0EB8-4D1E-8EE5-FA27E806FF30}"
EndProject
Global
	GlobalSection(SolutionConfigurationPlatforms) = preSolution
		Debug|Any CPU = Debug|Any CPU
		Release|Any CPU = Release|Any CPU
	EndGlobalSection
	GlobalSection(ProjectConfigurationPlatforms) = postSolution
		{00C64791-0EB8-4D1E-8EE5-FA27E806FF30}.Debug|Any CPU.ActiveCfg = Debug|Any CPU
		{00C64791-0EB8-4D1E-8EE5-FA27E806FF30}.Debug|Any CPU.Build.0 = Debug|Any CPU
		{00C64791-0EB8-4D1E-8EE5-FA27E806FF30}.Release|Any CPU.ActiveCfg = Release|Any CPU
		{00C64791-0EB8-4D1E-8EE5-FA27E806FF30}.Release|Any CPU.Build.0 = Release|Any CPU
	EndGlobalSection
	GlobalSection(SolutionProperties) = preSolution
		HideSolutionNode = FALSE
	EndGlobalSection
	GlobalSection(ExtensibilityGlobals) = postSolution
		SolutionGuid = {0AF593B0-109C-4E48-81E0-259FACB5CDB7}
	EndGlobalSection
EndGlobal
