
Microsoft Visual Studio Solution File, Format Version 12.00
# Visual Studio Version 17
VisualStudioVersion = 17.5.002.0
MinimumVisualStudioVersion = 10.0.40219.1
Project("{9A19103F-16F7-4668-BE54-9A1E7A4F7556}") = "Task 7", "Task 7.csproj", "{0C7F4A85-5DB8-40A0-80B1-0806D350444A}"
EndProject
Global
	GlobalSection(SolutionConfigurationPlatforms) = preSolution
		Debug|Any CPU = Debug|Any CPU
		Release|Any CPU = Release|Any CPU
	EndGlobalSection
	GlobalSection(ProjectConfigurationPlatforms) = postSolution
		{0C7F4A85-5DB8-40A0-80B1-0806D350444A}.Debug|Any CPU.ActiveCfg = Debug|Any CPU
		{0C7F4A85-5DB8-40A0-80B1-0806D350444A}.Debug|Any CPU.Build.0 = Debug|Any CPU
		{0C7F4A85-5DB8-40A0-80B1-0806D350444A}.Release|Any CPU.ActiveCfg = Release|Any CPU
		{0C7F4A85-5DB8-40A0-80B1-0806D350444A}.Release|Any CPU.Build.0 = Release|Any CPU
	EndGlobalSection
	GlobalSection(SolutionProperties) = preSolution
		HideSolutionNode = FALSE
	EndGlobalSection
	GlobalSection(ExtensibilityGlobals) = postSolution
		SolutionGuid = {C9209534-CA58-49FA-86F0-637D4C023645}
	EndGlobalSection
EndGlobal
