
Microsoft Visual Studio Solution File, Format Version 12.00
# Visual Studio Version 17
VisualStudioVersion = 17.5.002.0
MinimumVisualStudioVersion = 10.0.40219.1
Project("{9A19103F-16F7-4668-BE54-9A1E7A4F7556}") = "Task 1", "Task 1.csproj", "{6A878A79-819A-4A4D-B8FF-37B260C94894}"
EndProject
Global
	GlobalSection(SolutionConfigurationPlatforms) = preSolution
		Debug|Any CPU = Debug|Any CPU
		Release|Any CPU = Release|Any CPU
	EndGlobalSection
	GlobalSection(ProjectConfigurationPlatforms) = postSolution
		{6A878A79-819A-4A4D-B8FF-37B260C94894}.Debug|Any CPU.ActiveCfg = Debug|Any CPU
		{6A878A79-819A-4A4D-B8FF-37B260C94894}.Debug|Any CPU.Build.0 = Debug|Any CPU
		{6A878A79-819A-4A4D-B8FF-37B260C94894}.Release|Any CPU.ActiveCfg = Release|Any CPU
		{6A878A79-819A-4A4D-B8FF-37B260C94894}.Release|Any CPU.Build.0 = Release|Any CPU
	EndGlobalSection
	GlobalSection(SolutionProperties) = preSolution
		HideSolutionNode = FALSE
	EndGlobalSection
	GlobalSection(ExtensibilityGlobals) = postSolution
		SolutionGuid = {CD2FF947-1A24-4385-B206-A42F1A2541E6}
	EndGlobalSection
EndGlobal
